{
  "requires": true,
  "lockfileVersion": 1,
  "dependencies": {
    "@bazel/bazel": {
      "version": "0.30.0-beta.6",
      "resolved": "https://registry.npmjs.org/@bazel/bazel/-/bazel-0.30.0-beta.6.tgz",
      "integrity": "sha512-W9HdS+tbmopJbExNovlIlV40brFH6/yEm6qFhmxi7c9/FgzoQ6dgRKqnlhScd1u6nwBEdhh/GeU1ajw0bVUE/Q==",
      "requires": {
        "@bazel/bazel-darwin_x64": "0.30.0-beta.0",
        "@bazel/bazel-linux_x64": "0.30.0-beta.6",
        "@bazel/bazel-win32_x64": "0.19.1"
      },
      "dependencies": {
        "@bazel/bazel-darwin_x64": {
          "version": "0.30.0-beta.0",
          "resolved": "https://registry.npmjs.org/@bazel/bazel-darwin_x64/-/bazel-darwin_x64-0.30.0-beta.0.tgz",
          "integrity": "sha512-5WUTv8wGlQcKmyrn95nyl3Mjc2+MQLEpHJZyDjSzCrrx8NeaiwappBLQKib+8OlQeBCbQw4u3k3j2P8BmuzQlg==",
          "optional": true
        },
        "@bazel/bazel-linux_x64": {
          "version": "0.30.0-beta.6",
          "resolved": "https://registry.npmjs.org/@bazel/bazel-linux_x64/-/bazel-linux_x64-0.30.0-beta.6.tgz",
          "integrity": "sha512-J4d11mSvPifuEZU7YsuEGxPH1ru3/lwFGjWxpH+9A5/Hptlnyc4FyYUJ4JVmaf/P2RMUUJXpYmCSy4uBfCKxfg==",
          "optional": true
        },
        "@bazel/bazel-win32_x64": {
          "version": "0.19.1",
          "resolved": "https://registry.npmjs.org/@bazel/bazel-win32_x64/-/bazel-win32_x64-0.19.1.tgz",
          "integrity": "sha512-t6vOh2IOzUAk19ccS0q3Kho364Yxjtjv1v4utAjOSNw8GVwutfekdiojGBrR8ihvJi1Xp885mOkQnZA38B9tvQ==",
          "optional": true
        }
      }
    },
    "typescript": {
      "version": "2.9.1",
      "resolved": "https://registry.npmjs.org/typescript/-/typescript-2.9.1.tgz",
      "integrity": "sha512-h6pM2f/GDchCFlldnriOhs1QHuwbnmj6/v7499eMHqPeW4V2G0elua2eIc2nu8v2NdHV0Gm+tzX83Hr6nUFjQA=="
    }
  }
}
