{
  "requires": true,
  "lockfileVersion": 1,
  "dependencies": {
    "@bazel/bazel": {
      "version": "0.26.0-rc13",
      "resolved": "https://registry.npmjs.org/@bazel/bazel/-/bazel-0.26.0-rc13.tgz",
      "integrity": "sha512-V+z0ybU+aXHoXSKK0Z1kq/6QLct+NAMFH21FFxwEaEKvAd4RT2N2+FCBJh4BNjWH62ONRI33znRxy9avabuenQ==",
      "requires": {
        "@bazel/bazel-darwin_x64": "0.26.0-rc13",
        "@bazel/bazel-linux_x64": "0.26.0-rc13",
        "@bazel/bazel-win32_x64": "0.26.0-rc13"
      },
      "dependencies": {
        "@bazel/bazel-darwin_x64": {
          "version": "0.26.0-rc13",
          "resolved": "https://registry.npmjs.org/@bazel/bazel-darwin_x64/-/bazel-darwin_x64-0.26.0-rc13.tgz",
          "integrity": "sha512-I1TvJuD49UtiE8yt8vRcejvG/ISX09MdFTXRIhHKnB+soRZF2zbUtqs0H4ugMK2fzb80T/QK3QmXbjSfcZbx2w==",
          "optional": true
        },
        "@bazel/bazel-linux_x64": {
          "version": "0.26.0-rc13",
          "resolved": "https://registry.npmjs.org/@bazel/bazel-linux_x64/-/bazel-linux_x64-0.26.0-rc13.tgz",
          "integrity": "sha512-VIyJMR18ItGZFwMSRxYU+5bTohsn45yfrpjFdVP+aVcIl2c4KuPAyM4dTKwjGUUeDDGUDMb809PjyTgsRe5x3w==",
          "optional": true
        },
        "@bazel/bazel-win32_x64": {
          "version": "0.26.0-rc13",
          "resolved": "https://registry.npmjs.org/@bazel/bazel-win32_x64/-/bazel-win32_x64-0.26.0-rc13.tgz",
          "integrity": "sha512-8nAntbZTFp9xv504L5u4aLMKgkq2rhgqW+fJwcNmVz9Wg3cKVMxl+G49cYzImGxqrv9MFLe3lD1ldBYdoEvNqg==",
          "optional": true
        }
      }
    },
    "typescript": {
      "version": "2.9.1",
      "resolved": "https://registry.npmjs.org/typescript/-/typescript-2.9.1.tgz",
      "integrity": "sha512-h6pM2f/GDchCFlldnriOhs1QHuwbnmj6/v7499eMHqPeW4V2G0elua2eIc2nu8v2NdHV0Gm+tzX83Hr6nUFjQA=="
    }
  }
}
