# THIS IS AN AUTOGENERATED FILE. DO NOT EDIT THIS FILE DIRECTLY.
# yarn lockfile v1


"@bazel/bazel-darwin_x64@0.26.1":
  version "0.26.1"
  resolved "https://registry.yarnpkg.com/@bazel/bazel-darwin_x64/-/bazel-darwin_x64-0.26.1.tgz#1b5c69b635e5c2a8c3090fa5f6bcb45735f06045"
  integrity sha512-9VjrR+ce+iS9xS1lgeAo1RAPXlxCvez/r3smN1lP4s4YNF0s5LAT0cevIl6Zz2nwyEha/6JvY3v6Euemy36F0w==

"@bazel/bazel-linux_x64@0.26.1":
  version "0.26.1"
  resolved "https://registry.yarnpkg.com/@bazel/bazel-linux_x64/-/bazel-linux_x64-0.26.1.tgz#04dd194bdcd6b9d45bd865a9a60c280d0d600251"
  integrity sha512-oZooDxI1C4p7o18zx2Uns2cK/NN2hgF2YSBKH0aVDPAAxQA85h+g124CWDEbsghOdRMSBM0Hd0SSeIqwZcqLSw==

"@bazel/bazel-win32_x64@0.26.1":
  version "0.26.1"
  resolved "https://registry.yarnpkg.com/@bazel/bazel-win32_x64/-/bazel-win32_x64-0.26.1.tgz#9351f07313173b1f98006da8131c94db7aa7c506"
  integrity sha512-0FkOo8+bxw13X2m6ALhXX2241gG9ZXgcLu0E/IbCWy/TmOB5bR0Z73CslszWbXIldVYnANuhFmnkxIa745Du5Q==

"@bazel/bazel@0.26.1":
  version "0.26.1"
  resolved "https://registry.yarnpkg.com/@bazel/bazel/-/bazel-0.26.1.tgz#de5febbd1f4b457aa870fb69492f474850283e5d"
  integrity sha512-x0IR0KEML4JGG6QpAOpHQHWpMqM1YQjOi8zY1jjLwiRHhC3Y8Tc/Mcspnd6zUnjfs7MerPfppkyx2jaEnZwUuQ==
  optionalDependencies:
    "@bazel/bazel-darwin_x64" "0.26.1"
    "@bazel/bazel-linux_x64" "0.26.1"
    "@bazel/bazel-win32_x64" "0.26.1"

typescript@2.9.1:
  version "2.9.1"
  resolved "https://registry.yarnpkg.com/typescript/-/typescript-2.9.1.tgz#fdb19d2c67a15d11995fd15640e373e09ab09961"
  integrity sha512-h6pM2f/GDchCFlldnriOhs1QHuwbnmj6/v7499eMHqPeW4V2G0elua2eIc2nu8v2NdHV0Gm+tzX83Hr6nUFjQA==
