# THIS IS AN AUTOGENERATED FILE. DO NOT EDIT THIS FILE DIRECTLY.
# yarn lockfile v1


"@bazel/bazel-darwin_x64@0.27.0-rc5":
  version "0.27.0-rc5"
  resolved "https://registry.yarnpkg.com/@bazel/bazel-darwin_x64/-/bazel-darwin_x64-0.27.0-rc5.tgz#e7420f7fa79ede0155565f1257a84782b120f99f"
  integrity sha512-Xw+cEbpU+6sSTMBCXnEQw0oK7UYdOiBtGOZ0mjRr7CehRUcd7Wdr5sCx0+vu1lFSnwgpqM0HEdygw0wzvaM8Qw==

"@bazel/bazel-linux_x64@0.27.0-rc5":
  version "0.27.0-rc5"
  resolved "https://registry.yarnpkg.com/@bazel/bazel-linux_x64/-/bazel-linux_x64-0.27.0-rc5.tgz#196d2a640b892780e525d292bd9c5d5389a3d138"
  integrity sha512-1MTaWEj5R4t9B8n3BrERWX/jt0hYYJrql+ek/4alVj2g6WAOzKY7zvXc8Odvy+izJbR7LuqEspYD+6vk8YR98w==

"@bazel/bazel-win32_x64@0.27.0-rc5":
  version "0.27.0-rc5"
  resolved "https://registry.yarnpkg.com/@bazel/bazel-win32_x64/-/bazel-win32_x64-0.27.0-rc5.tgz#3350840cdee1af2802d8aeb2e714adf1e6e9309b"
  integrity sha512-BUe+wBo2WdsvfRkbPEVLAANfAQxnvjiyde9ReM1pbR6Be9mr/qxUXdydkykae9TmDkztrKtUKGD14IMhz5ZCQw==

"@bazel/bazel@0.27.0rc5":
  version "0.27.0-rc5"
  resolved "https://registry.yarnpkg.com/@bazel/bazel/-/bazel-0.27.0-rc5.tgz#7cd8d47960df422fb8f3b7cdd7007e7bc1aacd24"
  integrity sha512-9czrKaSpTXeeo3vfIwRgv5+3PWAS0JNMjOU09GnSV0HTK/mGuCnYhkR7hdz6HjaNcXDLif3gvJHvS0Cs3905bA==
  optionalDependencies:
    "@bazel/bazel-darwin_x64" "0.27.0-rc5"
    "@bazel/bazel-linux_x64" "0.27.0-rc5"
    "@bazel/bazel-win32_x64" "0.27.0-rc5"

typescript@2.9.1:
  version "2.9.1"
  resolved "https://registry.yarnpkg.com/typescript/-/typescript-2.9.1.tgz#fdb19d2c67a15d11995fd15640e373e09ab09961"
  integrity sha512-h6pM2f/GDchCFlldnriOhs1QHuwbnmj6/v7499eMHqPeW4V2G0elua2eIc2nu8v2NdHV0Gm+tzX83Hr6nUFjQA==
